PODS:
  - Aspects (1.4.1)
  - CMCommonModuleMediator (0.0.1):
    - Aspects
    - CustomKit
  - CMDBManager (0.0.1):
    - WCDB.swift
  - CMSBaseFoundation (0.0.13)
  - CustomKit (0.1.0):
    - CustomKit/Header (= 0.1.0)
    - CustomKit/Invocation (= 0.1.0)
    - CustomKit/JSON (= 0.1.0)
    - CustomKit/NSArray (= 0.1.0)
    - CustomKit/NSData (= 0.1.0)
    - CustomKit/NSDate (= 0.1.0)
    - CustomKit/NSDictionary (= 0.1.0)
    - CustomKit/NSFileManager (= 0.1.0)
    - CustomKit/NSNull (= 0.1.0)
    - CustomKit/NSObject (= 0.1.0)
    - CustomKit/NSSet (= 0.1.0)
    - CustomKit/NSString (= 0.1.0)
  - CustomKit/Header (0.1.0)
  - CustomKit/Invocation (0.1.0):
    - CustomKit/Header
  - CustomKit/JSON (0.1.0):
    - CustomKit/Header
  - CustomKit/NSArray (0.1.0):
    - CustomKit/Header
  - CustomKit/NSData (0.1.0):
    - CustomKit/Header
  - CustomKit/NSDate (0.1.0):
    - CustomKit/Header
  - CustomKit/NSDictionary (0.1.0):
    - CustomKit/Header
  - CustomKit/NSFileManager (0.1.0):
    - CustomKit/Header
  - CustomKit/NSNull (0.1.0):
    - CustomKit/Header
  - CustomKit/NSObject (0.1.0):
    - CustomKit/Header
  - CustomKit/NSSet (0.1.0):
    - CustomKit/Header
  - CustomKit/NSString (0.1.0):
    - CustomKit/Header
    - CustomKit/NSDictionary
  - FBSnapshotTestCase (2.1.4):
    - FBSnapshotTestCase/SwiftSupport (= 2.1.4)
  - FBSnapshotTestCase/Core (2.1.4)
  - FBSnapshotTestCase/SwiftSupport (2.1.4):
    - FBSnapshotTestCase/Core
  - SQLiteRepairKit (1.2.2):
    - WCDBOptimizedSQLCipher (~> 1.2.0)
  - WCDB.swift (1.0.8.2):
    - SQLiteRepairKit (~> 1.2.0)
    - WCDBOptimizedSQLCipher (~> 1.2.0)
  - WCDBOptimizedSQLCipher (1.2.1)

DEPENDENCIES:
  - CMCommonModuleMediator (from `../`)
  - CMDBManager (from `../`)
  - CMSBaseFoundation (from `../`)
  - CustomKit (from `../`)
  - FBSnapshotTestCase (~> 2.1.4)

SPEC REPOS:
  trunk:
    - Aspects
    - FBSnapshotTestCase
    - SQLiteRepairKit
    - WCDB.swift
    - WCDBOptimizedSQLCipher

EXTERNAL SOURCES:
  CMCommonModuleMediator:
    :path: "../"
  CMDBManager:
    :path: "../"
  CMSBaseFoundation:
    :path: "../"
  CustomKit:
    :path: "../"

SPEC CHECKSUMS:
  Aspects: 7595ba96a6727a58ebcbfc954497fc5d2fdde546
  CMCommonModuleMediator: 45b58cf97d5d21f9ac523af2878b923939b454e7
  CMDBManager: 880e07c232f38d7d04aae6f9d837be99ec962bb2
  CMSBaseFoundation: 7306b2a43223fe4ba00b3ee8a8ef3988adfb2d06
  CustomKit: 7e060bdb5d12e2750b71063a7de3bdd73b71aff0
  FBSnapshotTestCase: 094f9f314decbabe373b87cc339bea235a63e07a
  SQLiteRepairKit: 35aaae5a8838adb85f5b1eb4d796055be6060a4b
  WCDB.swift: 05d509d7a0e60fb6e11c34eb7e4027c0fab5849f
  WCDBOptimizedSQLCipher: baf44493b0c7a3d49e97bc5b64a3856f6428ddd1

PODFILE CHECKSUM: 69f3f7ae1875a7bac32bb78ae73fb04ed53c887f

COCOAPODS: 1.11.2
